
Microsoft Visual Studio Solution File, Format Version 12.00
# Visual Studio Version 17
VisualStudioVersion = 17.11.35431.28
MinimumVisualStudioVersion = 10.0.40219.1
Project("{FAE04EC0-301F-11D3-BF4B-00C04F79EFBC}") = "TeamProject", "TeamProject\TeamProject.csproj", "{DD984022-B18C-44D1-B5E2-EDB6DB0A61E8}"
EndProject
Global
	GlobalSection(SolutionConfigurationPlatforms) = preSolution
		Debug|Any CPU = Debug|Any CPU
		Release|Any CPU = Release|Any CPU
	EndGlobalSection
	GlobalSection(ProjectConfigurationPlatforms) = postSolution
		{DD984022-B18C-44D1-B5E2-EDB6DB0A61E8}.Debug|Any CPU.ActiveCfg = Debug|Any CPU
		{DD984022-B18C-44D1-B5E2-EDB6DB0A61E8}.Debug|Any CPU.Build.0 = Debug|Any CPU
		{DD984022-B18C-44D1-B5E2-EDB6DB0A61E8}.Release|Any CPU.ActiveCfg = Release|Any CPU
		{DD984022-B18C-44D1-B5E2-EDB6DB0A61E8}.Release|Any CPU.Build.0 = Release|Any CPU
	EndGlobalSection
	GlobalSection(SolutionProperties) = preSolution
		HideSolutionNode = FALSE
	EndGlobalSection
	GlobalSection(ExtensibilityGlobals) = postSolution
		SolutionGuid = {4EE811FF-3EA3-4235-9DF3-209F9931B4FD}
	EndGlobalSection
EndGlobal
